
Microsoft Visual Studio Solution File, Format Version 12.00
# Visual Studio Version 17
VisualStudioVersion = 17.8.34330.188
MinimumVisualStudioVersion = 10.0.40219.1
Project("{9A19103F-16F7-4668-BE54-9A1E7A4F7556}") = "AlarmApp.Web", "AlarmApp.Web\AlarmApp.Web.csproj", "{C53B5E68-3F94-4999-B72A-CEFC83924CBD}"
EndProject
Project("{9A19103F-16F7-4668-BE54-9A1E7A4F7556}") = "AlarmApp.DAL", "AlarmApp.DAL\AlarmApp.DAL.csproj", "{20F0A75E-7280-4918-881C-4FD6315D8F92}"
EndProject
Project("{9A19103F-16F7-4668-BE54-9A1E7A4F7556}") = "AlarmApp.Entity", "AlarmApp.Entity\AlarmApp.Entity.csproj", "{7F43EB64-885C-42FA-BDFD-C7DEA4417D4D}"
EndProject
Project("{9A19103F-16F7-4668-BE54-9A1E7A4F7556}") = "AlarmApp.BLL", "AlarmApp.BLL\AlarmApp.BLL.csproj", "{30355871-8E5C-4987-BB09-4C761363AEA5}"
EndProject
Global
	GlobalSection(SolutionConfigurationPlatforms) = preSolution
		Debug|Any CPU = Debug|Any CPU
		Release|Any CPU = Release|Any CPU
	EndGlobalSection
	GlobalSection(ProjectConfigurationPlatforms) = postSolution
		{C53B5E68-3F94-4999-B72A-CEFC83924CBD}.Debug|Any CPU.ActiveCfg = Debug|Any CPU
		{C53B5E68-3F94-4999-B72A-CEFC83924CBD}.Debug|Any CPU.Build.0 = Debug|Any CPU
		{C53B5E68-3F94-4999-B72A-CEFC83924CBD}.Release|Any CPU.ActiveCfg = Release|Any CPU
		{C53B5E68-3F94-4999-B72A-CEFC83924CBD}.Release|Any CPU.Build.0 = Release|Any CPU
		{20F0A75E-7280-4918-881C-4FD6315D8F92}.Debug|Any CPU.ActiveCfg = Debug|Any CPU
		{20F0A75E-7280-4918-881C-4FD6315D8F92}.Debug|Any CPU.Build.0 = Debug|Any CPU
		{20F0A75E-7280-4918-881C-4FD6315D8F92}.Release|Any CPU.ActiveCfg = Release|Any CPU
		{20F0A75E-7280-4918-881C-4FD6315D8F92}.Release|Any CPU.Build.0 = Release|Any CPU
		{7F43EB64-885C-42FA-BDFD-C7DEA4417D4D}.Debug|Any CPU.ActiveCfg = Debug|Any CPU
		{7F43EB64-885C-42FA-BDFD-C7DEA4417D4D}.Debug|Any CPU.Build.0 = Debug|Any CPU
		{7F43EB64-885C-42FA-BDFD-C7DEA4417D4D}.Release|Any CPU.ActiveCfg = Release|Any CPU
		{7F43EB64-885C-42FA-BDFD-C7DEA4417D4D}.Release|Any CPU.Build.0 = Release|Any CPU
		{30355871-8E5C-4987-BB09-4C761363AEA5}.Debug|Any CPU.ActiveCfg = Debug|Any CPU
		{30355871-8E5C-4987-BB09-4C761363AEA5}.Debug|Any CPU.Build.0 = Debug|Any CPU
		{30355871-8E5C-4987-BB09-4C761363AEA5}.Release|Any CPU.ActiveCfg = Release|Any CPU
		{30355871-8E5C-4987-BB09-4C761363AEA5}.Release|Any CPU.Build.0 = Release|Any CPU
	EndGlobalSection
	GlobalSection(SolutionProperties) = preSolution
		HideSolutionNode = FALSE
	EndGlobalSection
	GlobalSection(ExtensibilityGlobals) = postSolution
		SolutionGuid = {1677B161-010F-4D6E-BA25-23B4044D8E7B}
	EndGlobalSection
EndGlobal
